// !$*UTF8*$!
{
	archiveVersion = 1;
	classes = {
	};
	objectVersion = 46;
	objects = {

/* Begin PBXBuildFile section */
		8E2BEE461F46754E0091CCF0 /* Meme.swift in Sources */ = {isa = PBXBuildFile; fileRef = 8E2BEE451F46754E0091CCF0 /* Meme.swift */; };
		8E2BEE481F467EC00091CCF0 /* MemesTableViewController.swift in Sources */ = {isa = PBXBuildFile; fileRef = 8E2BEE471F467EC00091CCF0 /* MemesTableViewController.swift */; };
		8E2BEE4C1F46962C0091CCF0 /* MemeCollectionViewCell.swift in Sources */ = {isa = PBXBuildFile; fileRef = 8E2BEE4B1F46962C0091CCF0 /* MemeCollectionViewCell.swift */; };
		8E2BEE4E1F469A740091CCF0 /* MemesCollectionViewController.swift in Sources */ = {isa = PBXBuildFile; fileRef = 8E2BEE4D1F469A740091CCF0 /* MemesCollectionViewController.swift */; };
		8E2BEE501F4A4C190091CCF0 /* MemeDetailViewController.swift in Sources */ = {isa = PBXBuildFile; fileRef = 8E2BEE4F1F4A4C190091CCF0 /* MemeDetailViewController.swift */; };
		8E721E051F2B8804008829DD /* AppDelegate.swift in Sources */ = {isa = PBXBuildFile; fileRef = 8E721E041F2B8804008829DD /* AppDelegate.swift */; };
		8E721E071F2B8804008829DD /* MemeEditorViewController.swift in Sources */ = {isa = PBXBuildFile; fileRef = 8E721E061F2B8804008829DD /* MemeEditorViewController.swift */; };
		8E721E0A1F2B8804008829DD /* Main.storyboard in Resources */ = {isa = PBXBuildFile; fileRef = 8E721E081F2B8804008829DD /* Main.storyboard */; };
		8E721E0C1F2B8804008829DD /* Assets.xcassets in Resources */ = {isa = PBXBuildFile; fileRef = 8E721E0B1F2B8804008829DD /* Assets.xcassets */; };
		8E721E0F1F2B8804008829DD /* LaunchScreen.storyboard in Resources */ = {isa = PBXBuildFile; fileRef = 8E721E0D1F2B8804008829DD /* LaunchScreen.storyboard */; };
/* End PBXBuildFile section */

/* Begin PBXFileReference section */
		8E2BEE451F46754E0091CCF0 /* Meme.swift */ = {isa = PBXFileReference; fileEncoding = 4; lastKnownFileType = sourcecode.swift; path = Meme.swift; sourceTree = "<group>"; };
		8E2BEE471F467EC00091CCF0 /* MemesTableViewController.swift */ = {isa = PBXFileReference; fileEncoding = 4; lastKnownFileType = sourcecode.swift; path = MemesTableViewController.swift; sourceTree = "<group>"; };
		8E2BEE4B1F46962C0091CCF0 /* MemeCollectionViewCell.swift */ = {isa = PBXFileReference; fileEncoding = 4; lastKnownFileType = sourcecode.swift; path = MemeCollectionViewCell.swift; sourceTree = "<group>"; };
		8E2BEE4D1F469A740091CCF0 /* MemesCollectionViewController.swift */ = {isa = PBXFileReference; fileEncoding = 4; lastKnownFileType = sourcecode.swift; name = MemesCollectionViewController.swift; path = ../MemesCollectionViewController.swift; sourceTree = "<group>"; };
		8E2BEE4F1F4A4C190091CCF0 /* MemeDetailViewController.swift */ = {isa = PBXFileReference; fileEncoding = 4; lastKnownFileType = sourcecode.swift; path = MemeDetailViewController.swift; sourceTree = "<group>"; };
		8E721E011F2B8804008829DD /* MemeMe.app */ = {isa = PBXFileReference; explicitFileType = wrapper.application; includeInIndex = 0; path = MemeMe.app; sourceTree = BUILT_PRODUCTS_DIR; };
		8E721E041F2B8804008829DD /* AppDelegate.swift */ = {isa = PBXFileReference; lastKnownFileType = sourcecode.swift; path = AppDelegate.swift; sourceTree = "<group>"; };
		8E721E061F2B8804008829DD /* MemeEditorViewController.swift */ = {isa = PBXFileReference; lastKnownFileType = sourcecode.swift; path = MemeEditorViewController.swift; sourceTree = "<group>"; };
		8E721E091F2B8804008829DD /* Base */ = {isa = PBXFileReference; lastKnownFileType = file.storyboard; name = Base; path = Base.lproj/Main.storyboard; sourceTree = "<group>"; };
		8E721E0B1F2B8804008829DD /* Assets.xcassets */ = {isa = PBXFileReference; lastKnownFileType = folder.assetcatalog; path = Assets.xcassets; sourceTree = "<group>"; };
		8E721E0E1F2B8804008829DD /* Base */ = {isa = PBXFileReference; lastKnownFileType = file.storyboard; name = Base; path = Base.lproj/LaunchScreen.storyboard; sourceTree = "<group>"; };
		8E721E101F2B8804008829DD /* Info.plist */ = {isa = PBXFileReference; lastKnownFileType = text.plist.xml; path = Info.plist; sourceTree = "<group>"; };
/* End PBXFileReference section */

/* Begin PBXFrameworksBuildPhase section */
		8E721DFE1F2B8804008829DD /* Frameworks */ = {
			isa = PBXFrameworksBuildPhase;
			buildActionMask = 2147483647;
			files = (
			);
			runOnlyForDeploymentPostprocessing = 0;
		};
/* End PBXFrameworksBuildPhase section */

/* Begin PBXGroup section */
		8E721DF81F2B8804008829DD = {
			isa = PBXGroup;
			children = (
				8E721E031F2B8804008829DD /* MemeMe */,
				8E721E021F2B8804008829DD /* Products */,
			);
			sourceTree = "<group>";
		};
		8E721E021F2B8804008829DD /* Products */ = {
			isa = PBXGroup;
			children = (
				8E721E011F2B8804008829DD /* MemeMe.app */,
			);
			name = Products;
			sourceTree = "<group>";
		};
		8E721E031F2B8804008829DD /* MemeMe */ = {
			isa = PBXGroup;
			children = (
				8E721E041F2B8804008829DD /* AppDelegate.swift */,
				8E2BEE451F46754E0091CCF0 /* Meme.swift */,
				8E2BEE4B1F46962C0091CCF0 /* MemeCollectionViewCell.swift */,
				8E2BEE471F467EC00091CCF0 /* MemesTableViewController.swift */,
				8E2BEE4D1F469A740091CCF0 /* MemesCollectionViewController.swift */,
				8E721E061F2B8804008829DD /* MemeEditorViewController.swift */,
				8E2BEE4F1F4A4C190091CCF0 /* MemeDetailViewController.swift */,
				8E721E081F2B8804008829DD /* Main.storyboard */,
				8E721E0B1F2B8804008829DD /* Assets.xcassets */,
				8E721E0D1F2B8804008829DD /* LaunchScreen.storyboard */,
				8E721E101F2B8804008829DD /* Info.plist */,
			);
			path = MemeMe;
			sourceTree = "<group>";
		};
/* End PBXGroup section */

/* Begin PBXNativeTarget section */
		8E721E001F2B8804008829DD /* MemeMe */ = {
			isa = PBXNativeTarget;
			buildConfigurationList = 8E721E131F2B8804008829DD /* Build configuration list for PBXNativeTarget "MemeMe" */;
			buildPhases = (
				8E721DFD1F2B8804008829DD /* Sources */,
				8E721DFE1F2B8804008829DD /* Frameworks */,
				8E721DFF1F2B8804008829DD /* Resources */,
			);
			buildRules = (
			);
			dependencies = (
			);
			name = MemeMe;
			productName = MemeMe;
			productReference = 8E721E011F2B8804008829DD /* MemeMe.app */;
			productType = "com.apple.product-type.application";
		};
/* End PBXNativeTarget section */

/* Begin PBXProject section */
		8E721DF91F2B8804008829DD /* Project object */ = {
			isa = PBXProject;
			attributes = {
				LastSwiftUpdateCheck = 0830;
				LastUpgradeCheck = 0830;
				ORGANIZATIONNAME = "Elsiesy Industries";
				TargetAttributes = {
					8E721E001F2B8804008829DD = {
						CreatedOnToolsVersion = 8.3.3;
						ProvisioningStyle = Automatic;
					};
				};
			};
			buildConfigurationList = 8E721DFC1F2B8804008829DD /* Build configuration list for PBXProject "MemeMe" */;
			compatibilityVersion = "Xcode 3.2";
			developmentRegion = English;
			hasScannedForEncodings = 0;
			knownRegions = (
				en,
				Base,
			);
			mainGroup = 8E721DF81F2B8804008829DD;
			productRefGroup = 8E721E021F2B8804008829DD /* Products */;
			projectDirPath = "";
			projectRoot = "";
			targets = (
				8E721E001F2B8804008829DD /* MemeMe */,
			);
		};
/* End PBXProject section */

/* Begin PBXResourcesBuildPhase section */
		8E721DFF1F2B8804008829DD /* Resources */ = {
			isa = PBXResourcesBuildPhase;
			buildActionMask = 2147483647;
			files = (
				8E721E0F1F2B8804008829DD /* LaunchScreen.storyboard in Resources */,
				8E721E0C1F2B8804008829DD /* Assets.xcassets in Resources */,
				8E721E0A1F2B8804008829DD /* Main.storyboard in Resources */,
			);
			runOnlyForDeploymentPostprocessing = 0;
		};
/* End PBXResourcesBuildPhase section */

/* Begin PBXSourcesBuildPhase section */
		8E721DFD1F2B8804008829DD /* Sources */ = {
			isa = PBXSourcesBuildPhase;
			buildActionMask = 2147483647;
			files = (
				8E2BEE4E1F469A740091CCF0 /* MemesCollectionViewController.swift in Sources */,
				8E2BEE4C1F46962C0091CCF0 /* MemeCollectionViewCell.swift in Sources */,
				8E2BEE461F46754E0091CCF0 /* Meme.swift in Sources */,
				8E721E071F2B8804008829DD /* MemeEditorViewController.swift in Sources */,
				8E2BEE501F4A4C190091CCF0 /* MemeDetailViewController.swift in Sources */,
				8E721E051F2B8804008829DD /* AppDelegate.swift in Sources */,
				8E2BEE481F467EC00091CCF0 /* MemesTableViewController.swift in Sources */,
			);
			runOnlyForDeploymentPostprocessing = 0;
		};
/* End PBXSourcesBuildPhase section */

/* Begin PBXVariantGroup section */
		8E721E081F2B8804008829DD /* Main.storyboard */ = {
			isa = PBXVariantGroup;
			children = (
				8E721E091F2B8804008829DD /* Base */,
			);
			name = Main.storyboard;
			sourceTree = "<group>";
		};
		8E721E0D1F2B8804008829DD /* LaunchScreen.storyboard */ = {
			isa = PBXVariantGroup;
			children = (
				8E721E0E1F2B8804008829DD /* Base */,
			);
			name = LaunchScreen.storyboard;
			sourceTree = "<group>";
		};
/* End PBXVariantGroup section */

/* Begin XCBuildConfiguration section */
		8E721E111F2B8804008829DD /* Debug */ = {
			isa = XCBuildConfiguration;
			buildSettings = {
				ALWAYS_SEARCH_USER_PATHS = NO;
				CLANG_ANALYZER_NONNULL = YES;
				CLANG_ANALYZER_NUMBER_OBJECT_CONVERSION = YES_AGGRESSIVE;
				CLANG_CXX_LANGUAGE_STANDARD = "gnu++0x";
				CLANG_CXX_LIBRARY = "libc++";
				CLANG_ENABLE_MODULES = YES;
				CLANG_ENABLE_OBJC_ARC = YES;
				CLANG_WARN_BOOL_CONVERSION = YES;
				CLANG_WARN_CONSTANT_CONVERSION = YES;
				CLANG_WARN_DIRECT_OBJC_ISA_USAGE = YES_ERROR;
				CLANG_WARN_DOCUMENTATION_COMMENTS = YES;
				CLANG_WARN_EMPTY_BODY = YES;
				CLANG_WARN_ENUM_CONVERSION = YES;
				CLANG_WARN_INFINITE_RECURSION = YES;
				CLANG_WARN_INT_CONVERSION = YES;
				CLANG_WARN_OBJC_ROOT_CLASS = YES_ERROR;
				CLANG_WARN_SUSPICIOUS_MOVE = YES;
				CLANG_WARN_UNREACHABLE_CODE = YES;
				CLANG_WARN__DUPLICATE_METHOD_MATCH = YES;
				"CODE_SIGN_IDENTITY[sdk=iphoneos*]" = "iPhone Developer";
				COPY_PHASE_STRIP = NO;
				DEBUG_INFORMATION_FORMAT = dwarf;
				ENABLE_STRICT_OBJC_MSGSEND = YES;
				ENABLE_TESTABILITY = YES;
				GCC_C_LANGUAGE_STANDARD = gnu99;
				GCC_DYNAMIC_NO_PIC = NO;
				GCC_NO_COMMON_BLOCKS = YES;
				GCC_OPTIMIZATION_LEVEL = 0;
				GCC_PREPROCESSOR_DEFINITIONS = (
					"DEBUG=1",
					"$(inherited)",
				);
				GCC_WARN_64_TO_32_BIT_CONVERSION = YES;
				GCC_WARN_ABOUT_RETURN_TYPE = YES_ERROR;
				GCC_WARN_UNDECLARED_SELECTOR = YES;
				GCC_WARN_UNINITIALIZED_AUTOS = YES_AGGRESSIVE;
				GCC_WARN_UNUSED_FUNCTION = YES;
				GCC_WARN_UNUSED_VARIABLE = YES;
				IPHONEOS_DEPLOYMENT_TARGET = 10.3;
				MTL_ENABLE_DEBUG_INFO = YES;
				ONLY_ACTIVE_ARCH = YES;
				SDKROOT = iphoneos;
				SWIFT_ACTIVE_COMPILATION_CONDITIONS = DEBUG;
				SWIFT_OPTIMIZATION_LEVEL = "-Onone";
				TARGETED_DEVICE_FAMILY = "1,2";
			};
			name = Debug;
		};
		8E721E121F2B8804008829DD /* Release */ = {
			isa = XCBuildConfiguration;
			buildSettings = {
				ALWAYS_SEARCH_USER_PATHS = NO;
				CLANG_ANALYZER_NONNULL = YES;
				CLANG_ANALYZER_NUMBER_OBJECT_CONVERSION = YES_AGGRESSIVE;
				CLANG_CXX_LANGUAGE_STANDARD = "gnu++0x";
				CLANG_CXX_LIBRARY = "libc++";
				CLANG_ENABLE_MODULES = YES;
				CLANG_ENABLE_OBJC_ARC = YES;
				CLANG_WARN_BOOL_CONVERSION = YES;
				CLANG_WARN_CONSTANT_CONVERSION = YES;
				CLANG_WARN_DIRECT_OBJC_ISA_USAGE = YES_ERROR;
				CLANG_WARN_DOCUMENTATION_COMMENTS = YES;
				CLANG_WARN_EMPTY_BODY = YES;
				CLANG_WARN_ENUM_CONVERSION = YES;
				CLANG_WARN_INFINITE_RECURSION = YES;
				CLANG_WARN_INT_CONVERSION = YES;
				CLANG_WARN_OBJC_ROOT_CLASS = YES_ERROR;
				CLANG_WARN_SUSPICIOUS_MOVE = YES;
				CLANG_WARN_UNREACHABLE_CODE = YES;
				CLANG_WARN__DUPLICATE_METHOD_MATCH = YES;
				"CODE_SIGN_IDENTITY[sdk=iphoneos*]" = "iPhone Developer";
				COPY_PHASE_STRIP = NO;
				DEBUG_INFORMATION_FORMAT = "dwarf-with-dsym";
				ENABLE_NS_ASSERTIONS = NO;
				ENABLE_STRICT_OBJC_MSGSEND = YES;
				GCC_C_LANGUAGE_STANDARD = gnu99;
				GCC_NO_COMMON_BLOCKS = YES;
				GCC_WARN_64_TO_32_BIT_CONVERSION = YES;
				GCC_WARN_ABOUT_RETURN_TYPE = YES_ERROR;
				GCC_WARN_UNDECLARED_SELECTOR = YES;
				GCC_WARN_UNINITIALIZED_AUTOS = YES_AGGRESSIVE;
				GCC_WARN_UNUSED_FUNCTION = YES;
				GCC_WARN_UNUSED_VARIABLE = YES;
				IPHONEOS_DEPLOYMENT_TARGET = 10.3;
				MTL_ENABLE_DEBUG_INFO = NO;
				SDKROOT = iphoneos;
				SWIFT_OPTIMIZATION_LEVEL = "-Owholemodule";
				TARGETED_DEVICE_FAMILY = "1,2";
				VALIDATE_PRODUCT = YES;
			};
			name = Release;
		};
		8E721E141F2B8804008829DD /* Debug */ = {
			isa = XCBuildConfiguration;
			buildSettings = {
				ASSETCATALOG_COMPILER_APPICON_NAME = AppIcon;
				INFOPLIST_FILE = MemeMe/Info.plist;
				LD_RUNPATH_SEARCH_PATHS = "$(inherited) @executable_path/Frameworks";
				PRODUCT_BUNDLE_IDENTIFIER = "Elsiesy-Inc.MemeMe";
				PRODUCT_NAME = "$(TARGET_NAME)";
				SWIFT_VERSION = 3.0;
			};
			name = Debug;
		};
		8E721E151F2B8804008829DD /* Release */ = {
			isa = XCBuildConfiguration;
			buildSettings = {
				ASSETCATALOG_COMPILER_APPICON_NAME = AppIcon;
				INFOPLIST_FILE = MemeMe/Info.plist;
				LD_RUNPATH_SEARCH_PATHS = "$(inherited) @executable_path/Frameworks";
				PRODUCT_BUNDLE_IDENTIFIER = "Elsiesy-Inc.MemeMe";
				PRODUCT_NAME = "$(TARGET_NAME)";
				SWIFT_VERSION = 3.0;
			};
			name = Release;
		};
/* End XCBuildConfiguration section */

/* Begin XCConfigurationList section */
		8E721DFC1F2B8804008829DD /* Build configuration list for PBXProject "MemeMe" */ = {
			isa = XCConfigurationList;
			buildConfigurations = (
				8E721E111F2B8804008829DD /* Debug */,
				8E721E121F2B8804008829DD /* Release */,
			);
			defaultConfigurationIsVisible = 0;
			defaultConfigurationName = Release;
		};
		8E721E131F2B8804008829DD /* Build configuration list for PBXNativeTarget "MemeMe" */ = {
			isa = XCConfigurationList;
			buildConfigurations = (
				8E721E141F2B8804008829DD /* Debug */,
				8E721E151F2B8804008829DD /* Release */,
			);
			defaultConfigurationIsVisible = 0;
			defaultConfigurationName = Release;
		};
/* End XCConfigurationList section */
	};
	rootObject = 8E721DF91F2B8804008829DD /* Project object */;
}
